
Microsoft Visual Studio Solution File, Format Version 12.00
# Visual Studio 2013
VisualStudioVersion = 12.0.30501.0
MinimumVisualStudioVersion = 10.0.40219.1
Project("{FAE04EC0-301F-11D3-BF4B-00C04F79EFBC}") = "Entidades", "Entidades\Entidades.csproj", "{A79DC0AD-8FC8-495D-AB60-EEA3F7822613}"
EndProject
Project("{FAE04EC0-301F-11D3-BF4B-00C04F79EFBC}") = "Servicios", "Servicios\Servicios.csproj", "{1ED0CCFF-1D2C-4E7F-9122-4155B2CD8286}"
EndProject
Global
	GlobalSection(SolutionConfigurationPlatforms) = preSolution
		Debug|Any CPU = Debug|Any CPU
		Release|Any CPU = Release|Any CPU
	EndGlobalSection
	GlobalSection(ProjectConfigurationPlatforms) = postSolution
		{A79DC0AD-8FC8-495D-AB60-EEA3F7822613}.Debug|Any CPU.ActiveCfg = Debug|Any CPU
		{A79DC0AD-8FC8-495D-AB60-EEA3F7822613}.Debug|Any CPU.Build.0 = Debug|Any CPU
		{A79DC0AD-8FC8-495D-AB60-EEA3F7822613}.Release|Any CPU.ActiveCfg = Release|Any CPU
		{A79DC0AD-8FC8-495D-AB60-EEA3F7822613}.Release|Any CPU.Build.0 = Release|Any CPU
		{1ED0CCFF-1D2C-4E7F-9122-4155B2CD8286}.Debug|Any CPU.ActiveCfg = Debug|Any CPU
		{1ED0CCFF-1D2C-4E7F-9122-4155B2CD8286}.Debug|Any CPU.Build.0 = Debug|Any CPU
		{1ED0CCFF-1D2C-4E7F-9122-4155B2CD8286}.Release|Any CPU.ActiveCfg = Release|Any CPU
		{1ED0CCFF-1D2C-4E7F-9122-4155B2CD8286}.Release|Any CPU.Build.0 = Release|Any CPU
	EndGlobalSection
	GlobalSection(SolutionProperties) = preSolution
		HideSolutionNode = FALSE
	EndGlobalSection
EndGlobal
